PODS:
  - Alamofire (4.8.2)
  - Moya (13.0.0):
    - Moya/Core (= 13.0.0)
  - Moya/Core (13.0.0):
    - Alamofire (~> 4.1)
    - Result (~> 4.1)
  - Result (4.1.0)
  - RHCache (0.1.5)
  - RHNetwork (0.1.0):
    - Alamofire (~> 4.8.2)
    - Moya (~> 13.0)
    - RHCache (~> 0.1)
    - RxCocoa
    - RxSwift (~> 4.5)
    - RxSwiftExtensions.swift (~> 0.1)
  - RxCocoa (4.5.0):
    - RxSwift (>= 4.4.2, ~> 4.4)
  - RxSwift (4.5.0)
  - RxSwiftExtensions.swift (0.1.1):
    - RxSwift (~> 4.5)

DEPENDENCIES:
  - RHNetwork (from `../`)

SPEC REPOS:
  https://github.com/cocoapods/specs.git:
    - Alamofire
    - Moya
    - Result
    - RHCache
    - RxCocoa
    - RxSwift
    - RxSwiftExtensions.swift

EXTERNAL SOURCES:
  RHNetwork:
    :path: "../"

SPEC CHECKSUMS:
  Alamofire: ae5c501addb7afdbb13687d7f2f722c78734c2d3
  Moya: 161263550064ff8a4948e8ff63137fd72a876292
  Result: bd966fac789cc6c1563440b348ab2598cc24d5c7
  RHCache: 84cca0c6637c27039219808afb2d58be8c6196b3
  RHNetwork: 602576d04f72fd5606f28711346c0755fcbfd291
  RxCocoa: cbf70265dc65a981d4ac982e513c10cf23df24a0
  RxSwift: f172070dfd1a93d70a9ab97a5a01166206e1c575
  RxSwiftExtensions.swift: 5524d733066a813f20502b18945172896e6abb0e

PODFILE CHECKSUM: 6d238ee9ff077ba8ca268461f86e6f0d1538f266

COCOAPODS: 1.6.0
